schema: '2.0'
stages:
  ingest:
    cmd: python src/dataset.py
    deps:
    - path: src/dataset.py
      hash: md5
      md5: ebd1dfc3197e1d73bc09729bc6de412b
      size: 951
    outs:
    - path: data/raw/dataset.csv
      hash: md5
      md5: 365b3b5178e36de97516c65088c46e11
      size: 2681842
  validate:
    cmd: python src/validate.py
    deps:
    - path: data/raw/dataset.csv
      hash: md5
      md5: 365b3b5178e36de97516c65088c46e11
      size: 2681842
    - path: src/utils.py
      hash: md5
      md5: cb0d437877b275883db0836d91bd8ca7
      size: 1467
    - path: src/validate.py
      hash: md5
      md5: b96273a5aabc4ca1fe88542d208df38d
      size: 2629
    outs:
    - path: reports/validation_passed.txt
      hash: md5
      md5: 444bcb3a3fcf8389296c49467f27e1d6
      size: 2
  clean:
    cmd: python src/data_clean.py
    deps:
    - path: data/raw/dataset.csv
      hash: md5
      md5: 365b3b5178e36de97516c65088c46e11
      size: 2681842
    - path: reports/validation_passed.txt
      hash: md5
      md5: 444bcb3a3fcf8389296c49467f27e1d6
      size: 2
    - path: src/data_clean.py
      hash: md5
      md5: 8b4db1f1113f501b6c91278de5df3485
      size: 1632
    outs:
    - path: data/interim/cleaned_dataset.csv
      hash: md5
      md5: 2af8ad03360f58183ec77dee5861244d
      size: 2347529
  features:
    cmd: python src/features.py
    deps:
    - path: data/interim/cleaned_dataset.csv
      hash: md5
      md5: 2af8ad03360f58183ec77dee5861244d
      size: 2347529
    - path: src/features.py
      hash: md5
      md5: 26a3419c3d0f91cd49c607dc3441d8bb
      size: 1136
    outs:
    - path: data/processed/processed_dataset.csv
      hash: md5
      md5: 3578f873ce7b8ebdfe8d99cbba03cd0d
      size: 3631180
  train:
    cmd: python src/modeling/train.py
    deps:
    - path: data/processed/processed_dataset.csv
      hash: md5
      md5: 3578f873ce7b8ebdfe8d99cbba03cd0d
      size: 3631180
    - path: param_config.yaml
      hash: md5
      md5: 33b8398fd307278a38593dacf8c1035c
      size: 1296
    - path: src/modeling/train.py
      hash: md5
      md5: 03d6bcc1e48ca96bd1a469f8ab7f9a54
      size: 12032
    - path: src/utils.py
      hash: md5
      md5: cb0d437877b275883db0836d91bd8ca7
      size: 1467
    outs:
    - path: data/processed/X_test.csv
      hash: md5
      md5: 949a251a5a134f8ecd212ceea636a3cd
      size: 694240
    - path: data/processed/X_train.csv
      hash: md5
      md5: 02d83c0dc9c836efb6f88ede4f378fad
      size: 2773341
    - path: data/processed/y_test.csv
      hash: md5
      md5: d1a025169539f38910b1e8beb221f315
      size: 28056
    - path: data/processed/y_train.csv
      hash: md5
      md5: 863e0d3fda28a638d7ad07922dace53c
      size: 112206
    - path: models/model.pkl
      hash: md5
      md5: c2b52b9735e51b50e8a2bfbf095792d6
      size: 2846083
    - path: reports/classification.txt
      hash: md5
      md5: 2697e83d5574e4cf7cd8ae392b805601
      size: 326
    - path: reports/figures/confusion_matrix.png
      hash: md5
      md5: 83029214f7aef814e9a78534d1790825
      size: 22705
    - path: reports/figures/optimize_graph.png
      hash: md5
      md5: 8f929528db0e6f66c6e2e98969704769
      size: 28551
